
Microsoft Visual Studio Solution File, Format Version 11.00
# Visual Studio 2010
Project("{FAE04EC0-301F-11D3-BF4B-00C04F79EFBC}") = "DR.TopdownDemo.Web", "DR.TopdownDemo.Web\DR.TopdownDemo.Web.csproj", "{5545BDD3-6BAB-415E-8C5E-ECFEDB25D65E}"
EndProject
Project("{FAE04EC0-301F-11D3-BF4B-00C04F79EFBC}") = "DR.TopdownDemo.ServiceModel", "DR.TopdownDemo.ServiceModel\DR.TopdownDemo.ServiceModel.csproj", "{5943D359-D52C-470E-BC83-F66FBE4EEDC5}"
EndProject
Project("{FAE04EC0-301F-11D3-BF4B-00C04F79EFBC}") = "DR.TopdownDemo.MockServiceImpl", "DR.TopdownDemo.MockServiceImpl\DR.TopdownDemo.MockServiceImpl.csproj", "{24CF8E41-D61E-441A-BEAD-4C68CFF62E9C}"
EndProject
Project("{FAE04EC0-301F-11D3-BF4B-00C04F79EFBC}") = "DR.TopdownDemo.IHeartQuotesData", "DR.TopdownDemo.IHeartQuotesData\DR.TopdownDemo.IHeartQuotesData.csproj", "{2EE2458D-55D1-435C-BE90-41CEF361F6F9}"
EndProject
Project("{FAE04EC0-301F-11D3-BF4B-00C04F79EFBC}") = "DR.TopdownDemo.IHeartQuotesService", "DR.TopdownDemo.IHeartQuotesService\DR.TopdownDemo.IHeartQuotesService.csproj", "{E8DB918C-07D0-48B7-90E8-986E1AB7EF34}"
EndProject
Global
	GlobalSection(SolutionConfigurationPlatforms) = preSolution
		Debug|Any CPU = Debug|Any CPU
		Release|Any CPU = Release|Any CPU
	EndGlobalSection
	GlobalSection(ProjectConfigurationPlatforms) = postSolution
		{5545BDD3-6BAB-415E-8C5E-ECFEDB25D65E}.Debug|Any CPU.ActiveCfg = Debug|Any CPU
		{5545BDD3-6BAB-415E-8C5E-ECFEDB25D65E}.Debug|Any CPU.Build.0 = Debug|Any CPU
		{5545BDD3-6BAB-415E-8C5E-ECFEDB25D65E}.Release|Any CPU.ActiveCfg = Release|Any CPU
		{5545BDD3-6BAB-415E-8C5E-ECFEDB25D65E}.Release|Any CPU.Build.0 = Release|Any CPU
		{5943D359-D52C-470E-BC83-F66FBE4EEDC5}.Debug|Any CPU.ActiveCfg = Debug|Any CPU
		{5943D359-D52C-470E-BC83-F66FBE4EEDC5}.Debug|Any CPU.Build.0 = Debug|Any CPU
		{5943D359-D52C-470E-BC83-F66FBE4EEDC5}.Release|Any CPU.ActiveCfg = Release|Any CPU
		{5943D359-D52C-470E-BC83-F66FBE4EEDC5}.Release|Any CPU.Build.0 = Release|Any CPU
		{24CF8E41-D61E-441A-BEAD-4C68CFF62E9C}.Debug|Any CPU.ActiveCfg = Debug|Any CPU
		{24CF8E41-D61E-441A-BEAD-4C68CFF62E9C}.Debug|Any CPU.Build.0 = Debug|Any CPU
		{24CF8E41-D61E-441A-BEAD-4C68CFF62E9C}.Release|Any CPU.ActiveCfg = Release|Any CPU
		{24CF8E41-D61E-441A-BEAD-4C68CFF62E9C}.Release|Any CPU.Build.0 = Release|Any CPU
		{2EE2458D-55D1-435C-BE90-41CEF361F6F9}.Debug|Any CPU.ActiveCfg = Debug|Any CPU
		{2EE2458D-55D1-435C-BE90-41CEF361F6F9}.Debug|Any CPU.Build.0 = Debug|Any CPU
		{2EE2458D-55D1-435C-BE90-41CEF361F6F9}.Release|Any CPU.ActiveCfg = Release|Any CPU
		{2EE2458D-55D1-435C-BE90-41CEF361F6F9}.Release|Any CPU.Build.0 = Release|Any CPU
		{E8DB918C-07D0-48B7-90E8-986E1AB7EF34}.Debug|Any CPU.ActiveCfg = Debug|Any CPU
		{E8DB918C-07D0-48B7-90E8-986E1AB7EF34}.Debug|Any CPU.Build.0 = Debug|Any CPU
		{E8DB918C-07D0-48B7-90E8-986E1AB7EF34}.Release|Any CPU.ActiveCfg = Release|Any CPU
		{E8DB918C-07D0-48B7-90E8-986E1AB7EF34}.Release|Any CPU.Build.0 = Release|Any CPU
	EndGlobalSection
	GlobalSection(SolutionProperties) = preSolution
		HideSolutionNode = FALSE
	EndGlobalSection
EndGlobal
